
Microsoft Visual Studio Solution File, Format Version 12.00
# Visual Studio Version 17
VisualStudioVersion = 17.6.33801.468
MinimumVisualStudioVersion = 10.0.40219.1
Project("{888888A0-9F3D-457C-B088-3A5042F75D52}") = "100个随机字符串", "100个随机字符串.pyproj", "{6DFB0724-3092-496E-B177-36BC8571C599}"
EndProject
Global
	GlobalSection(SolutionConfigurationPlatforms) = preSolution
		Debug|Any CPU = Debug|Any CPU
		Release|Any CPU = Release|Any CPU
	EndGlobalSection
	GlobalSection(ProjectConfigurationPlatforms) = postSolution
		{6DFB0724-3092-496E-B177-36BC8571C599}.Debug|Any CPU.ActiveCfg = Debug|Any CPU
		{6DFB0724-3092-496E-B177-36BC8571C599}.Release|Any CPU.ActiveCfg = Release|Any CPU
	EndGlobalSection
	GlobalSection(SolutionProperties) = preSolution
		HideSolutionNode = FALSE
	EndGlobalSection
	GlobalSection(ExtensibilityGlobals) = postSolution
		SolutionGuid = {94964855-C6F3-4DD0-8734-8C456EE3ED80}
	EndGlobalSection
EndGlobal
