
Microsoft Visual Studio Solution File, Format Version 12.00
# Visual Studio Version 17
VisualStudioVersion = 17.5.33530.505
MinimumVisualStudioVersion = 10.0.40219.1
Project("{888888A0-9F3D-457C-B088-3A5042F75D52}") = "例6-2", "例6-2.pyproj", "{95AE933B-1054-4EA6-8BE9-F70FC083C76C}"
EndProject
Global
	GlobalSection(SolutionConfigurationPlatforms) = preSolution
		Debug|Any CPU = Debug|Any CPU
		Release|Any CPU = Release|Any CPU
	EndGlobalSection
	GlobalSection(ProjectConfigurationPlatforms) = postSolution
		{95AE933B-1054-4EA6-8BE9-F70FC083C76C}.Debug|Any CPU.ActiveCfg = Debug|Any CPU
		{95AE933B-1054-4EA6-8BE9-F70FC083C76C}.Release|Any CPU.ActiveCfg = Release|Any CPU
	EndGlobalSection
	GlobalSection(SolutionProperties) = preSolution
		HideSolutionNode = FALSE
	EndGlobalSection
	GlobalSection(ExtensibilityGlobals) = postSolution
		SolutionGuid = {2AE8A3FF-AB17-4D47-B945-651C30A191B0}
	EndGlobalSection
EndGlobal
