
Microsoft Visual Studio Solution File, Format Version 12.00
# Visual Studio Version 17
VisualStudioVersion = 17.5.33627.172
MinimumVisualStudioVersion = 10.0.40219.1
Project("{888888A0-9F3D-457C-B088-3A5042F75D52}") = "8", "8.pyproj", "{00FC96DE-8A59-4FB3-8CFB-7F73E103C536}"
EndProject
Global
	GlobalSection(SolutionConfigurationPlatforms) = preSolution
		Debug|Any CPU = Debug|Any CPU
		Release|Any CPU = Release|Any CPU
	EndGlobalSection
	GlobalSection(ProjectConfigurationPlatforms) = postSolution
		{00FC96DE-8A59-4FB3-8CFB-7F73E103C536}.Debug|Any CPU.ActiveCfg = Debug|Any CPU
		{00FC96DE-8A59-4FB3-8CFB-7F73E103C536}.Release|Any CPU.ActiveCfg = Release|Any CPU
	EndGlobalSection
	GlobalSection(SolutionProperties) = preSolution
		HideSolutionNode = FALSE
	EndGlobalSection
	GlobalSection(ExtensibilityGlobals) = postSolution
		SolutionGuid = {F52180E8-0133-46C1-9F45-E852CA71A431}
	EndGlobalSection
EndGlobal
