
Microsoft Visual Studio Solution File, Format Version 12.00
# Visual Studio Version 17
VisualStudioVersion = 17.6.33801.468
MinimumVisualStudioVersion = 10.0.40219.1
Project("{888888A0-9F3D-457C-B088-3A5042F75D52}") = "bugger", "bugger.pyproj", "{EC78C039-A392-4CFB-A59D-F2519BDE7570}"
EndProject
Global
	GlobalSection(SolutionConfigurationPlatforms) = preSolution
		Debug|Any CPU = Debug|Any CPU
		Release|Any CPU = Release|Any CPU
	EndGlobalSection
	GlobalSection(ProjectConfigurationPlatforms) = postSolution
		{EC78C039-A392-4CFB-A59D-F2519BDE7570}.Debug|Any CPU.ActiveCfg = Debug|Any CPU
		{EC78C039-A392-4CFB-A59D-F2519BDE7570}.Release|Any CPU.ActiveCfg = Release|Any CPU
	EndGlobalSection
	GlobalSection(SolutionProperties) = preSolution
		HideSolutionNode = FALSE
	EndGlobalSection
	GlobalSection(ExtensibilityGlobals) = postSolution
		SolutionGuid = {507DA49A-5F35-408C-ADE9-8297546B3167}
	EndGlobalSection
EndGlobal
